
Microsoft Visual Studio Solution File, Format Version 12.00
# Visual Studio 15
VisualStudioVersion = 15.0.27004.2002
MinimumVisualStudioVersion = 10.0.40219.1
Project("{9A19103F-16F7-4668-BE54-9A1E7A4F7556}") = "Concept.Service", "Concept.Service\Concept.Service.csproj", "{F4B2E14B-E496-4B8A-BCED-D69DAC170505}"
EndProject
Project("{9A19103F-16F7-4668-BE54-9A1E7A4F7556}") = "Concept.Service.WindowsService", "Concept.Service.WindowsService\Concept.Service.WindowsService.csproj", "{08E9B798-AF88-41B5-A42B-55671ABF8A0B}"
EndProject
Project("{9A19103F-16F7-4668-BE54-9A1E7A4F7556}") = "Concept.Service.Opinionated", "Concept.Service.Opinionated\Concept.Service.Opinionated.csproj", "{51795B60-AA0B-4513-AA04-AA437E161C78}"
EndProject
Project("{9A19103F-16F7-4668-BE54-9A1E7A4F7556}") = "Concept.Service.RabbitMq", "Concept.Service.RabbitMq\Concept.Service.RabbitMq.csproj", "{E913EBC0-8A3F-42F5-96F2-9BCCD2E5CDE0}"
EndProject
Project("{2150E333-8FDC-42A3-9474-1A3956D46DE8}") = "Example", "Example", "{240ED3EC-C47D-4647-B88E-93ED25B7CDE3}"
EndProject
Project("{9A19103F-16F7-4668-BE54-9A1E7A4F7556}") = "Concept.Cqrs", "Concept.Cqrs\Concept.Cqrs.csproj", "{5464166B-626D-461B-BC86-579C3CC9674A}"
EndProject
Project("{9A19103F-16F7-4668-BE54-9A1E7A4F7556}") = "Concept.Cqrs.Read", "Concept.Cqrs.Read\Concept.Cqrs.Read.csproj", "{591C265E-36D4-4597-A711-559F770DC449}"
EndProject
Project("{9A19103F-16F7-4668-BE54-9A1E7A4F7556}") = "Concept.Cqrs.Read.EventStore", "Concept.Cqrs.Read.EventStore\Concept.Cqrs.Read.EventStore.csproj", "{DCD22001-7031-45EE-B63A-6D6FC5DAAA50}"
EndProject
Project("{9A19103F-16F7-4668-BE54-9A1E7A4F7556}") = "Concept.Cqrs.Write", "Concept.Cqrs.Write\Concept.Cqrs.Write.csproj", "{ECA6EC83-1D84-48D7-9511-BA243A8D1251}"
EndProject
Project("{9A19103F-16F7-4668-BE54-9A1E7A4F7556}") = "Concept.Cqrs.Write.EventStore", "Concept.Cqrs.Write.EventStore\Concept.Cqrs.Write.EventStore.csproj", "{5EBC8E3F-C2F6-4EB4-94C3-F2B9D4AFF618}"
EndProject
Project("{2150E333-8FDC-42A3-9474-1A3956D46DE8}") = "Service", "Service", "{F44F5F2A-D6AB-4823-8279-2E98F7BCF17F}"
EndProject
Project("{2150E333-8FDC-42A3-9474-1A3956D46DE8}") = "Cqrs", "Cqrs", "{04CCE4D6-DC90-4019-BDC4-9B1F8318D718}"
EndProject
Project("{9A19103F-16F7-4668-BE54-9A1E7A4F7556}") = "Example.TodoApp.Write", "Example.TodoApp.Write\Example.TodoApp.Write.csproj", "{88D2A47B-C959-4366-9977-09111F5F90F5}"
EndProject
Project("{9A19103F-16F7-4668-BE54-9A1E7A4F7556}") = "Example.TodoApp.Domain", "Example.TodoApp.Domain\Example.TodoApp.Domain.csproj", "{1A268658-A261-408D-BF5C-3ECDF2BAD56A}"
EndProject
Project("{9A19103F-16F7-4668-BE54-9A1E7A4F7556}") = "Example.TodoApp.Read", "Example.TodoApp.Read\Example.TodoApp.Read.csproj", "{F892DD03-87AC-4D7F-AD78-ADBE0047514F}"
EndProject
Project("{9A19103F-16F7-4668-BE54-9A1E7A4F7556}") = "Example.TodoApp.Write.ConsoleHost", "Example.TodoApp.Write.ConsoleHost\Example.TodoApp.Write.ConsoleHost.csproj", "{055702CB-926A-4BBA-B644-24AE29AD2587}"
EndProject
Project("{9A19103F-16F7-4668-BE54-9A1E7A4F7556}") = "Concept.Cqrs.Read.RabbitMq", "Concept.Cqrs.Read.RabbitMq\Concept.Cqrs.Read.RabbitMq.csproj", "{76EF0EF1-1B84-4061-B808-3A6731CBFD2F}"
EndProject
Project("{9A19103F-16F7-4668-BE54-9A1E7A4F7556}") = "Example.TodoApp.Read.ConsoleHost", "Example.TodoApp.Read.ConsoleHost\Example.TodoApp.Read.ConsoleHost.csproj", "{62B4EAF6-2285-409D-9A63-EFF023D65088}"
EndProject
Project("{9A19103F-16F7-4668-BE54-9A1E7A4F7556}") = "Example.ConsoleClient", "Example.ConsoleClient\Example.ConsoleClient.csproj", "{FA2AE31F-099A-45FC-A2BC-B2BD78B9AD4F}"
EndProject
Project("{9A19103F-16F7-4668-BE54-9A1E7A4F7556}") = "Concept.Cqrs.Write.RabbitMq", "Concept.Cqrs.Write.RabbitMq\Concept.Cqrs.Write.RabbitMq.csproj", "{E7F14150-3E6B-4C59-8F4D-EE8AEE59FBF4}"
EndProject
Project("{9A19103F-16F7-4668-BE54-9A1E7A4F7556}") = "Concept.Cqrs.Read.MongoDb", "Concept.Cqrs.Read.MongoDb\Concept.Cqrs.Read.MongoDb.csproj", "{7D03D100-77D1-452B-BCC4-9BB31DF1A2DD}"
EndProject
Project("{9A19103F-16F7-4668-BE54-9A1E7A4F7556}") = "Concept.Cqrs.Write.MongoDb", "Concept.Cqrs.Write.MongoDb\Concept.Cqrs.Write.MongoDb.csproj", "{F980B433-2A8F-42DB-9AEA-F08344F0889E}"
EndProject
Project("{2150E333-8FDC-42A3-9474-1A3956D46DE8}") = "Tests", "Tests", "{A4A79B28-4832-4F32-A2D1-02AB82F99911}"
EndProject
Project("{9A19103F-16F7-4668-BE54-9A1E7A4F7556}") = "Concept.Cqrs.Write.MongoDb.Tests", "Concept.Cqrs.Write.MongoDb.Tests\Concept.Cqrs.Write.MongoDb.Tests.csproj", "{7BC903CF-A49D-46EE-BFFF-806F668F9962}"
EndProject
Project("{9A19103F-16F7-4668-BE54-9A1E7A4F7556}") = "Concept.Service.ConsoleHost", "Concept.Service.ConsoleHost\Concept.Service.ConsoleHost.csproj", "{C17483C5-C8F2-41C8-A857-5F73D960F127}"
EndProject
Global
	GlobalSection(SolutionConfigurationPlatforms) = preSolution
		Debug|Any CPU = Debug|Any CPU
		Release|Any CPU = Release|Any CPU
	EndGlobalSection
	GlobalSection(ProjectConfigurationPlatforms) = postSolution
		{F4B2E14B-E496-4B8A-BCED-D69DAC170505}.Debug|Any CPU.ActiveCfg = Debug|Any CPU
		{F4B2E14B-E496-4B8A-BCED-D69DAC170505}.Debug|Any CPU.Build.0 = Debug|Any CPU
		{F4B2E14B-E496-4B8A-BCED-D69DAC170505}.Release|Any CPU.ActiveCfg = Release|Any CPU
		{F4B2E14B-E496-4B8A-BCED-D69DAC170505}.Release|Any CPU.Build.0 = Release|Any CPU
		{08E9B798-AF88-41B5-A42B-55671ABF8A0B}.Debug|Any CPU.ActiveCfg = Debug|Any CPU
		{08E9B798-AF88-41B5-A42B-55671ABF8A0B}.Debug|Any CPU.Build.0 = Debug|Any CPU
		{08E9B798-AF88-41B5-A42B-55671ABF8A0B}.Release|Any CPU.ActiveCfg = Release|Any CPU
		{08E9B798-AF88-41B5-A42B-55671ABF8A0B}.Release|Any CPU.Build.0 = Release|Any CPU
		{51795B60-AA0B-4513-AA04-AA437E161C78}.Debug|Any CPU.ActiveCfg = Debug|Any CPU
		{51795B60-AA0B-4513-AA04-AA437E161C78}.Debug|Any CPU.Build.0 = Debug|Any CPU
		{51795B60-AA0B-4513-AA04-AA437E161C78}.Release|Any CPU.ActiveCfg = Release|Any CPU
		{51795B60-AA0B-4513-AA04-AA437E161C78}.Release|Any CPU.Build.0 = Release|Any CPU
		{E913EBC0-8A3F-42F5-96F2-9BCCD2E5CDE0}.Debug|Any CPU.ActiveCfg = Debug|Any CPU
		{E913EBC0-8A3F-42F5-96F2-9BCCD2E5CDE0}.Debug|Any CPU.Build.0 = Debug|Any CPU
		{E913EBC0-8A3F-42F5-96F2-9BCCD2E5CDE0}.Release|Any CPU.ActiveCfg = Release|Any CPU
		{E913EBC0-8A3F-42F5-96F2-9BCCD2E5CDE0}.Release|Any CPU.Build.0 = Release|Any CPU
		{5464166B-626D-461B-BC86-579C3CC9674A}.Debug|Any CPU.ActiveCfg = Debug|Any CPU
		{5464166B-626D-461B-BC86-579C3CC9674A}.Debug|Any CPU.Build.0 = Debug|Any CPU
		{5464166B-626D-461B-BC86-579C3CC9674A}.Release|Any CPU.ActiveCfg = Release|Any CPU
		{5464166B-626D-461B-BC86-579C3CC9674A}.Release|Any CPU.Build.0 = Release|Any CPU
		{591C265E-36D4-4597-A711-559F770DC449}.Debug|Any CPU.ActiveCfg = Debug|Any CPU
		{591C265E-36D4-4597-A711-559F770DC449}.Debug|Any CPU.Build.0 = Debug|Any CPU
		{591C265E-36D4-4597-A711-559F770DC449}.Release|Any CPU.ActiveCfg = Release|Any CPU
		{591C265E-36D4-4597-A711-559F770DC449}.Release|Any CPU.Build.0 = Release|Any CPU
		{DCD22001-7031-45EE-B63A-6D6FC5DAAA50}.Debug|Any CPU.ActiveCfg = Debug|Any CPU
		{DCD22001-7031-45EE-B63A-6D6FC5DAAA50}.Debug|Any CPU.Build.0 = Debug|Any CPU
		{DCD22001-7031-45EE-B63A-6D6FC5DAAA50}.Release|Any CPU.ActiveCfg = Release|Any CPU
		{DCD22001-7031-45EE-B63A-6D6FC5DAAA50}.Release|Any CPU.Build.0 = Release|Any CPU
		{ECA6EC83-1D84-48D7-9511-BA243A8D1251}.Debug|Any CPU.ActiveCfg = Debug|Any CPU
		{ECA6EC83-1D84-48D7-9511-BA243A8D1251}.Debug|Any CPU.Build.0 = Debug|Any CPU
		{ECA6EC83-1D84-48D7-9511-BA243A8D1251}.Release|Any CPU.ActiveCfg = Release|Any CPU
		{ECA6EC83-1D84-48D7-9511-BA243A8D1251}.Release|Any CPU.Build.0 = Release|Any CPU
		{5EBC8E3F-C2F6-4EB4-94C3-F2B9D4AFF618}.Debug|Any CPU.ActiveCfg = Debug|Any CPU
		{5EBC8E3F-C2F6-4EB4-94C3-F2B9D4AFF618}.Debug|Any CPU.Build.0 = Debug|Any CPU
		{5EBC8E3F-C2F6-4EB4-94C3-F2B9D4AFF618}.Release|Any CPU.ActiveCfg = Release|Any CPU
		{5EBC8E3F-C2F6-4EB4-94C3-F2B9D4AFF618}.Release|Any CPU.Build.0 = Release|Any CPU
		{88D2A47B-C959-4366-9977-09111F5F90F5}.Debug|Any CPU.ActiveCfg = Debug|Any CPU
		{88D2A47B-C959-4366-9977-09111F5F90F5}.Debug|Any CPU.Build.0 = Debug|Any CPU
		{88D2A47B-C959-4366-9977-09111F5F90F5}.Release|Any CPU.ActiveCfg = Release|Any CPU
		{88D2A47B-C959-4366-9977-09111F5F90F5}.Release|Any CPU.Build.0 = Release|Any CPU
		{1A268658-A261-408D-BF5C-3ECDF2BAD56A}.Debug|Any CPU.ActiveCfg = Debug|Any CPU
		{1A268658-A261-408D-BF5C-3ECDF2BAD56A}.Debug|Any CPU.Build.0 = Debug|Any CPU
		{1A268658-A261-408D-BF5C-3ECDF2BAD56A}.Release|Any CPU.ActiveCfg = Release|Any CPU
		{1A268658-A261-408D-BF5C-3ECDF2BAD56A}.Release|Any CPU.Build.0 = Release|Any CPU
		{F892DD03-87AC-4D7F-AD78-ADBE0047514F}.Debug|Any CPU.ActiveCfg = Debug|Any CPU
		{F892DD03-87AC-4D7F-AD78-ADBE0047514F}.Debug|Any CPU.Build.0 = Debug|Any CPU
		{F892DD03-87AC-4D7F-AD78-ADBE0047514F}.Release|Any CPU.ActiveCfg = Release|Any CPU
		{F892DD03-87AC-4D7F-AD78-ADBE0047514F}.Release|Any CPU.Build.0 = Release|Any CPU
		{055702CB-926A-4BBA-B644-24AE29AD2587}.Debug|Any CPU.ActiveCfg = Debug|Any CPU
		{055702CB-926A-4BBA-B644-24AE29AD2587}.Debug|Any CPU.Build.0 = Debug|Any CPU
		{055702CB-926A-4BBA-B644-24AE29AD2587}.Release|Any CPU.ActiveCfg = Release|Any CPU
		{055702CB-926A-4BBA-B644-24AE29AD2587}.Release|Any CPU.Build.0 = Release|Any CPU
		{76EF0EF1-1B84-4061-B808-3A6731CBFD2F}.Debug|Any CPU.ActiveCfg = Debug|Any CPU
		{76EF0EF1-1B84-4061-B808-3A6731CBFD2F}.Debug|Any CPU.Build.0 = Debug|Any CPU
		{76EF0EF1-1B84-4061-B808-3A6731CBFD2F}.Release|Any CPU.ActiveCfg = Release|Any CPU
		{76EF0EF1-1B84-4061-B808-3A6731CBFD2F}.Release|Any CPU.Build.0 = Release|Any CPU
		{62B4EAF6-2285-409D-9A63-EFF023D65088}.Debug|Any CPU.ActiveCfg = Debug|Any CPU
		{62B4EAF6-2285-409D-9A63-EFF023D65088}.Debug|Any CPU.Build.0 = Debug|Any CPU
		{62B4EAF6-2285-409D-9A63-EFF023D65088}.Release|Any CPU.ActiveCfg = Release|Any CPU
		{62B4EAF6-2285-409D-9A63-EFF023D65088}.Release|Any CPU.Build.0 = Release|Any CPU
		{FA2AE31F-099A-45FC-A2BC-B2BD78B9AD4F}.Debug|Any CPU.ActiveCfg = Debug|Any CPU
		{FA2AE31F-099A-45FC-A2BC-B2BD78B9AD4F}.Debug|Any CPU.Build.0 = Debug|Any CPU
		{FA2AE31F-099A-45FC-A2BC-B2BD78B9AD4F}.Release|Any CPU.ActiveCfg = Release|Any CPU
		{FA2AE31F-099A-45FC-A2BC-B2BD78B9AD4F}.Release|Any CPU.Build.0 = Release|Any CPU
		{E7F14150-3E6B-4C59-8F4D-EE8AEE59FBF4}.Debug|Any CPU.ActiveCfg = Debug|Any CPU
		{E7F14150-3E6B-4C59-8F4D-EE8AEE59FBF4}.Debug|Any CPU.Build.0 = Debug|Any CPU
		{E7F14150-3E6B-4C59-8F4D-EE8AEE59FBF4}.Release|Any CPU.ActiveCfg = Release|Any CPU
		{E7F14150-3E6B-4C59-8F4D-EE8AEE59FBF4}.Release|Any CPU.Build.0 = Release|Any CPU
		{7D03D100-77D1-452B-BCC4-9BB31DF1A2DD}.Debug|Any CPU.ActiveCfg = Debug|Any CPU
		{7D03D100-77D1-452B-BCC4-9BB31DF1A2DD}.Debug|Any CPU.Build.0 = Debug|Any CPU
		{7D03D100-77D1-452B-BCC4-9BB31DF1A2DD}.Release|Any CPU.ActiveCfg = Release|Any CPU
		{7D03D100-77D1-452B-BCC4-9BB31DF1A2DD}.Release|Any CPU.Build.0 = Release|Any CPU
		{F980B433-2A8F-42DB-9AEA-F08344F0889E}.Debug|Any CPU.ActiveCfg = Debug|Any CPU
		{F980B433-2A8F-42DB-9AEA-F08344F0889E}.Debug|Any CPU.Build.0 = Debug|Any CPU
		{F980B433-2A8F-42DB-9AEA-F08344F0889E}.Release|Any CPU.ActiveCfg = Release|Any CPU
		{F980B433-2A8F-42DB-9AEA-F08344F0889E}.Release|Any CPU.Build.0 = Release|Any CPU
		{7BC903CF-A49D-46EE-BFFF-806F668F9962}.Debug|Any CPU.ActiveCfg = Debug|Any CPU
		{7BC903CF-A49D-46EE-BFFF-806F668F9962}.Debug|Any CPU.Build.0 = Debug|Any CPU
		{7BC903CF-A49D-46EE-BFFF-806F668F9962}.Release|Any CPU.ActiveCfg = Release|Any CPU
		{7BC903CF-A49D-46EE-BFFF-806F668F9962}.Release|Any CPU.Build.0 = Release|Any CPU
		{C17483C5-C8F2-41C8-A857-5F73D960F127}.Debug|Any CPU.ActiveCfg = Debug|Any CPU
		{C17483C5-C8F2-41C8-A857-5F73D960F127}.Debug|Any CPU.Build.0 = Debug|Any CPU
		{C17483C5-C8F2-41C8-A857-5F73D960F127}.Release|Any CPU.ActiveCfg = Release|Any CPU
		{C17483C5-C8F2-41C8-A857-5F73D960F127}.Release|Any CPU.Build.0 = Release|Any CPU
	EndGlobalSection
	GlobalSection(SolutionProperties) = preSolution
		HideSolutionNode = FALSE
	EndGlobalSection
	GlobalSection(NestedProjects) = preSolution
		{F4B2E14B-E496-4B8A-BCED-D69DAC170505} = {F44F5F2A-D6AB-4823-8279-2E98F7BCF17F}
		{08E9B798-AF88-41B5-A42B-55671ABF8A0B} = {F44F5F2A-D6AB-4823-8279-2E98F7BCF17F}
		{51795B60-AA0B-4513-AA04-AA437E161C78} = {F44F5F2A-D6AB-4823-8279-2E98F7BCF17F}
		{E913EBC0-8A3F-42F5-96F2-9BCCD2E5CDE0} = {F44F5F2A-D6AB-4823-8279-2E98F7BCF17F}
		{5464166B-626D-461B-BC86-579C3CC9674A} = {04CCE4D6-DC90-4019-BDC4-9B1F8318D718}
		{591C265E-36D4-4597-A711-559F770DC449} = {04CCE4D6-DC90-4019-BDC4-9B1F8318D718}
		{DCD22001-7031-45EE-B63A-6D6FC5DAAA50} = {04CCE4D6-DC90-4019-BDC4-9B1F8318D718}
		{ECA6EC83-1D84-48D7-9511-BA243A8D1251} = {04CCE4D6-DC90-4019-BDC4-9B1F8318D718}
		{5EBC8E3F-C2F6-4EB4-94C3-F2B9D4AFF618} = {04CCE4D6-DC90-4019-BDC4-9B1F8318D718}
		{88D2A47B-C959-4366-9977-09111F5F90F5} = {240ED3EC-C47D-4647-B88E-93ED25B7CDE3}
		{1A268658-A261-408D-BF5C-3ECDF2BAD56A} = {240ED3EC-C47D-4647-B88E-93ED25B7CDE3}
		{F892DD03-87AC-4D7F-AD78-ADBE0047514F} = {240ED3EC-C47D-4647-B88E-93ED25B7CDE3}
		{055702CB-926A-4BBA-B644-24AE29AD2587} = {240ED3EC-C47D-4647-B88E-93ED25B7CDE3}
		{76EF0EF1-1B84-4061-B808-3A6731CBFD2F} = {04CCE4D6-DC90-4019-BDC4-9B1F8318D718}
		{62B4EAF6-2285-409D-9A63-EFF023D65088} = {240ED3EC-C47D-4647-B88E-93ED25B7CDE3}
		{FA2AE31F-099A-45FC-A2BC-B2BD78B9AD4F} = {240ED3EC-C47D-4647-B88E-93ED25B7CDE3}
		{E7F14150-3E6B-4C59-8F4D-EE8AEE59FBF4} = {04CCE4D6-DC90-4019-BDC4-9B1F8318D718}
		{7D03D100-77D1-452B-BCC4-9BB31DF1A2DD} = {04CCE4D6-DC90-4019-BDC4-9B1F8318D718}
		{F980B433-2A8F-42DB-9AEA-F08344F0889E} = {04CCE4D6-DC90-4019-BDC4-9B1F8318D718}
		{A4A79B28-4832-4F32-A2D1-02AB82F99911} = {04CCE4D6-DC90-4019-BDC4-9B1F8318D718}
		{7BC903CF-A49D-46EE-BFFF-806F668F9962} = {A4A79B28-4832-4F32-A2D1-02AB82F99911}
		{C17483C5-C8F2-41C8-A857-5F73D960F127} = {F44F5F2A-D6AB-4823-8279-2E98F7BCF17F}
	EndGlobalSection
	GlobalSection(ExtensibilityGlobals) = postSolution
		SolutionGuid = {378F2949-FB87-404A-85CB-A3D7BFB5729F}
	EndGlobalSection
EndGlobal
